
Microsoft Visual Studio Solution File, Format Version 12.00
# Visual Studio Version 16
VisualStudioVersion = 16.0.28917.181
MinimumVisualStudioVersion = 10.0.40219.1
Project("{FAE04EC0-301F-11D3-BF4B-00C04F79EFBC}") = "Forum", "Forum.csproj", "{9EDF346C-6634-46A1-9BEA-41C7582526E7}"
EndProject
Global
	GlobalSection(SolutionConfigurationPlatforms) = preSolution
		Debug|Any CPU = Debug|Any CPU
		Release|Any CPU = Release|Any CPU
	EndGlobalSection
	GlobalSection(ProjectConfigurationPlatforms) = postSolution
		{9EDF346C-6634-46A1-9BEA-41C7582526E7}.Debug|Any CPU.ActiveCfg = Debug|Any CPU
		{9EDF346C-6634-46A1-9BEA-41C7582526E7}.Debug|Any CPU.Build.0 = Debug|Any CPU
		{9EDF346C-6634-46A1-9BEA-41C7582526E7}.Release|Any CPU.ActiveCfg = Release|Any CPU
		{9EDF346C-6634-46A1-9BEA-41C7582526E7}.Release|Any CPU.Build.0 = Release|Any CPU
	EndGlobalSection
	GlobalSection(SolutionProperties) = preSolution
		HideSolutionNode = FALSE
	EndGlobalSection
	GlobalSection(ExtensibilityGlobals) = postSolution
		SolutionGuid = {B258BC82-3BF8-429B-A1B8-58CD995282BC}
	EndGlobalSection
EndGlobal
